// !$*UTF8*$!
{
	archiveVersion = 1;
	classes = {
	};
	objectVersion = 46;
	objects = {

/* Begin PBXBuildFile section */
		111DBBBB1F5563040087512B /* PhotoAlbumUtil.swift in Sources */ = {isa = PBXBuildFile; fileRef = 111DBBBA1F5563040087512B /* PhotoAlbumUtil.swift */; };
		111DBBBD1F5574480087512B /* FileUtil.swift in Sources */ = {isa = PBXBuildFile; fileRef = 111DBBBC1F5574480087512B /* FileUtil.swift */; };
		111DBBBF1F5576D50087512B /* CacheImage.swift in Sources */ = {isa = PBXBuildFile; fileRef = 111DBBBE1F5576D50087512B /* CacheImage.swift */; };
		111DBBC11F564D490087512B /* IdcardVerifyController.swift in Sources */ = {isa = PBXBuildFile; fileRef = 111DBBC01F564D490087512B /* IdcardVerifyController.swift */; };
		111DBBC31F566B140087512B /* IdcardGenerateController.swift in Sources */ = {isa = PBXBuildFile; fileRef = 111DBBC21F566B140087512B /* IdcardGenerateController.swift */; };
		111DBBC51F567CC80087512B /* ProvinceTableViewController.swift in Sources */ = {isa = PBXBuildFile; fileRef = 111DBBC41F567CC80087512B /* ProvinceTableViewController.swift */; };
		111DBBC71F567FE40087512B /* ProvinceTableCell.swift in Sources */ = {isa = PBXBuildFile; fileRef = 111DBBC61F567FE40087512B /* ProvinceTableCell.swift */; };
		1134EC681F52961800A28B4C /* MessageTableViewController.swift in Sources */ = {isa = PBXBuildFile; fileRef = 1134EC671F52961800A28B4C /* MessageTableViewController.swift */; };
		1134EC6A1F52967200A28B4C /* Message.swift in Sources */ = {isa = PBXBuildFile; fileRef = 1134EC691F52967200A28B4C /* Message.swift */; };
		1134EC6C1F52973A00A28B4C /* MessageTableCell.swift in Sources */ = {isa = PBXBuildFile; fileRef = 1134EC6B1F52973A00A28B4C /* MessageTableCell.swift */; };
		1134EC6E1F52A56800A28B4C /* MessageDetailController.swift in Sources */ = {isa = PBXBuildFile; fileRef = 1134EC6D1F52A56800A28B4C /* MessageDetailController.swift */; };
		1134EC701F52DAE100A28B4C /* AdviceController.swift in Sources */ = {isa = PBXBuildFile; fileRef = 1134EC6F1F52DAE100A28B4C /* AdviceController.swift */; };
		1134EC721F52E7DD00A28B4C /* MessageReplyController.swift in Sources */ = {isa = PBXBuildFile; fileRef = 1134EC711F52E7DD00A28B4C /* MessageReplyController.swift */; };
		1134EC741F53E08200A28B4C /* AvatarUploadController.swift in Sources */ = {isa = PBXBuildFile; fileRef = 1134EC731F53E08200A28B4C /* AvatarUploadController.swift */; };
		1134EC761F541BD700A28B4C /* AboutFunctionController.swift in Sources */ = {isa = PBXBuildFile; fileRef = 1134EC751F541BD700A28B4C /* AboutFunctionController.swift */; };
		1134EC791F54FB0700A28B4C /* ToolIndexController.swift in Sources */ = {isa = PBXBuildFile; fileRef = 1134EC781F54FB0700A28B4C /* ToolIndexController.swift */; };
		1134EC7B1F54FB8100A28B4C /* ToolCollectionView.swift in Sources */ = {isa = PBXBuildFile; fileRef = 1134EC7A1F54FB8100A28B4C /* ToolCollectionView.swift */; };
		1134EC7D1F54FB9000A28B4C /* ToolCollectionCell.swift in Sources */ = {isa = PBXBuildFile; fileRef = 1134EC7C1F54FB9000A28B4C /* ToolCollectionCell.swift */; };
		1134EC801F550D8B00A28B4C /* MusicIndexController.swift in Sources */ = {isa = PBXBuildFile; fileRef = 1134EC7F1F550D8B00A28B4C /* MusicIndexController.swift */; };
		1134EC821F5511DC00A28B4C /* QrScanController.swift in Sources */ = {isa = PBXBuildFile; fileRef = 1134EC811F5511DC00A28B4C /* QrScanController.swift */; };
		1134EC841F55185D00A28B4C /* QrScanResultController.swift in Sources */ = {isa = PBXBuildFile; fileRef = 1134EC831F55185D00A28B4C /* QrScanResultController.swift */; };
		1134EC881F553E6500A28B4C /* QrGenerateController.swift in Sources */ = {isa = PBXBuildFile; fileRef = 1134EC871F553E6500A28B4C /* QrGenerateController.swift */; };
		113666CB1F502CA200DFAC99 /* SettingController.swift in Sources */ = {isa = PBXBuildFile; fileRef = 113666CA1F502CA200DFAC99 /* SettingController.swift */; };
		113666CD1F5067E000DFAC99 /* ThemeTableViewController.swift in Sources */ = {isa = PBXBuildFile; fileRef = 113666CC1F5067E000DFAC99 /* ThemeTableViewController.swift */; };
		113666CF1F50688900DFAC99 /* ThemeTableCell.swift in Sources */ = {isa = PBXBuildFile; fileRef = 113666CE1F50688900DFAC99 /* ThemeTableCell.swift */; };
		113666D11F506B4F00DFAC99 /* SectionTableViewController.swift in Sources */ = {isa = PBXBuildFile; fileRef = 113666D01F506B4F00DFAC99 /* SectionTableViewController.swift */; };
		113666D31F506C8700DFAC99 /* SectionTableCell.swift in Sources */ = {isa = PBXBuildFile; fileRef = 113666D21F506C8700DFAC99 /* SectionTableCell.swift */; };
		113666E01F51B87500DFAC99 /* User.swift in Sources */ = {isa = PBXBuildFile; fileRef = 113666DF1F51B87500DFAC99 /* User.swift */; };
		113666E21F51B93E00DFAC99 /* UserDao.swift in Sources */ = {isa = PBXBuildFile; fileRef = 113666E11F51B93E00DFAC99 /* UserDao.swift */; };
		113666E41F51D2D000DFAC99 /* UserInfoController.swift in Sources */ = {isa = PBXBuildFile; fileRef = 113666E31F51D2D000DFAC99 /* UserInfoController.swift */; };
		113666E61F51D84E00DFAC99 /* RealnameController.swift in Sources */ = {isa = PBXBuildFile; fileRef = 113666E51F51D84E00DFAC99 /* RealnameController.swift */; };
		113666E81F51E72700DFAC99 /* EmailController.swift in Sources */ = {isa = PBXBuildFile; fileRef = 113666E71F51E72700DFAC99 /* EmailController.swift */; };
		113666EA1F524DE500DFAC99 /* AboutController.swift in Sources */ = {isa = PBXBuildFile; fileRef = 113666E91F524DE500DFAC99 /* AboutController.swift */; };
		113666EC1F52516300DFAC99 /* PasswordController.swift in Sources */ = {isa = PBXBuildFile; fileRef = 113666EB1F52516300DFAC99 /* PasswordController.swift */; };
		1163AF261F5D2B6900A8C2A1 /* MusicStoreController.swift in Sources */ = {isa = PBXBuildFile; fileRef = 1163AF251F5D2B6900A8C2A1 /* MusicStoreController.swift */; };
		1172D9821F5EB131007D4EC8 /* GALA - Young For You.mp3 in Resources */ = {isa = PBXBuildFile; fileRef = 1172D9811F5EB131007D4EC8 /* GALA - Young For You.mp3 */; };
		1172D9841F5F9162007D4EC8 /* Music.swift in Sources */ = {isa = PBXBuildFile; fileRef = 1172D9831F5F9162007D4EC8 /* Music.swift */; };
		1172D9861F5F9310007D4EC8 /* MusicTableViewController.swift in Sources */ = {isa = PBXBuildFile; fileRef = 1172D9851F5F9310007D4EC8 /* MusicTableViewController.swift */; };
		1172D9881F5F9376007D4EC8 /* MusicTableCell.swift in Sources */ = {isa = PBXBuildFile; fileRef = 1172D9871F5F9376007D4EC8 /* MusicTableCell.swift */; };
		1172D98A1F5FB279007D4EC8 /* MusicLocalTableViewController.swift in Sources */ = {isa = PBXBuildFile; fileRef = 1172D9891F5FB279007D4EC8 /* MusicLocalTableViewController.swift */; };
		1172D98C1F5FB432007D4EC8 /* MusicLocalTableCell.swift in Sources */ = {isa = PBXBuildFile; fileRef = 1172D98B1F5FB432007D4EC8 /* MusicLocalTableCell.swift */; };
		117D92471F57D05A0087B5BF /* News.swift in Sources */ = {isa = PBXBuildFile; fileRef = 117D92461F57D05A0087B5BF /* News.swift */; };
		11F4B4CD1F4EAE4500BE9850 /* AppDelegate.swift in Sources */ = {isa = PBXBuildFile; fileRef = 11F4B4CC1F4EAE4500BE9850 /* AppDelegate.swift */; };
		11F4B4D21F4EAE4500BE9850 /* Main.storyboard in Resources */ = {isa = PBXBuildFile; fileRef = 11F4B4D01F4EAE4500BE9850 /* Main.storyboard */; };
		11F4B4D51F4EAE4500BE9850 /* future_v2.xcdatamodeld in Sources */ = {isa = PBXBuildFile; fileRef = 11F4B4D31F4EAE4500BE9850 /* future_v2.xcdatamodeld */; };
		11F4B4DA1F4EAE4500BE9850 /* LaunchScreen.storyboard in Resources */ = {isa = PBXBuildFile; fileRef = 11F4B4D81F4EAE4500BE9850 /* LaunchScreen.storyboard */; };
		11F4B4E51F4EAE4500BE9850 /* future_v2Tests.swift in Sources */ = {isa = PBXBuildFile; fileRef = 11F4B4E41F4EAE4500BE9850 /* future_v2Tests.swift */; };
		11F4B4F01F4EAE4500BE9850 /* future_v2UITests.swift in Sources */ = {isa = PBXBuildFile; fileRef = 11F4B4EF1F4EAE4500BE9850 /* future_v2UITests.swift */; };
		11F4B5061F4ECE7700BE9850 /* LoginController.swift in Sources */ = {isa = PBXBuildFile; fileRef = 11F4B5051F4ECE7700BE9850 /* LoginController.swift */; };
		11F4B5081F4ECF8C00BE9850 /* ViewUtil.swift in Sources */ = {isa = PBXBuildFile; fileRef = 11F4B5071F4ECF8C00BE9850 /* ViewUtil.swift */; };
		11F4B50B1F4ED80E00BE9850 /* TabBarController.swift in Sources */ = {isa = PBXBuildFile; fileRef = 11F4B50A1F4ED80E00BE9850 /* TabBarController.swift */; };
		11F4B50D1F4EDE3E00BE9850 /* AppConstants.swift in Sources */ = {isa = PBXBuildFile; fileRef = 11F4B50C1F4EDE3E00BE9850 /* AppConstants.swift */; };
		11F4B50F1F4EDE6600BE9850 /* UrlConstants.swift in Sources */ = {isa = PBXBuildFile; fileRef = 11F4B50E1F4EDE6600BE9850 /* UrlConstants.swift */; };
		11F4B5111F4EE0F600BE9850 /* UserService.swift in Sources */ = {isa = PBXBuildFile; fileRef = 11F4B5101F4EE0F600BE9850 /* UserService.swift */; };
		11F4B5131F4EE21000BE9850 /* StringUtil.swift in Sources */ = {isa = PBXBuildFile; fileRef = 11F4B5121F4EE21000BE9850 /* StringUtil.swift */; };
		11F4B5151F4EE28900BE9850 /* Toast.swift in Sources */ = {isa = PBXBuildFile; fileRef = 11F4B5141F4EE28900BE9850 /* Toast.swift */; };
		11F4B5171F4EE64100BE9850 /* Http.swift in Sources */ = {isa = PBXBuildFile; fileRef = 11F4B5161F4EE64100BE9850 /* Http.swift */; };
		11F4B51C1F4EE9F300BE9850 /* Dictionary.swift in Sources */ = {isa = PBXBuildFile; fileRef = 11F4B51B1F4EE9F300BE9850 /* Dictionary.swift */; };
		11F4B51E1F4EEA1700BE9850 /* DictionaryDao.swift in Sources */ = {isa = PBXBuildFile; fileRef = 11F4B51D1F4EEA1700BE9850 /* DictionaryDao.swift */; };
		11F4B5201F4EEA9600BE9850 /* DictionaryKey.swift in Sources */ = {isa = PBXBuildFile; fileRef = 11F4B51F1F4EEA9600BE9850 /* DictionaryKey.swift */; };
		11F4B5221F4EF02200BE9850 /* RegisterController.swift in Sources */ = {isa = PBXBuildFile; fileRef = 11F4B5211F4EF02200BE9850 /* RegisterController.swift */; };
		11F4B5241F4EF9D000BE9850 /* RegisterSuccessController.swift in Sources */ = {isa = PBXBuildFile; fileRef = 11F4B5231F4EF9D000BE9850 /* RegisterSuccessController.swift */; };
		11F4B5261F4EFCED00BE9850 /* ForgotController.swift in Sources */ = {isa = PBXBuildFile; fileRef = 11F4B5251F4EFCED00BE9850 /* ForgotController.swift */; };
		11F4B5281F4F00C900BE9850 /* ForgotSuccessController.swift in Sources */ = {isa = PBXBuildFile; fileRef = 11F4B5271F4F00C900BE9850 /* ForgotSuccessController.swift */; };
		11F4B52B1F4FB81B00BE9850 /* BookIndexController.swift in Sources */ = {isa = PBXBuildFile; fileRef = 11F4B52A1F4FB81B00BE9850 /* BookIndexController.swift */; };
		11F4B52D1F4FB88F00BE9850 /* MyIndexController.swift in Sources */ = {isa = PBXBuildFile; fileRef = 11F4B52C1F4FB88F00BE9850 /* MyIndexController.swift */; };
		11F4B5301F4FC48A00BE9850 /* Assets.xcassets in Resources */ = {isa = PBXBuildFile; fileRef = 11F4B52F1F4FC48A00BE9850 /* Assets.xcassets */; };
		11F4B5321F4FC82B00BE9850 /* CategoryCollectionView.swift in Sources */ = {isa = PBXBuildFile; fileRef = 11F4B5311F4FC82B00BE9850 /* CategoryCollectionView.swift */; };
		11F4B5361F4FC92200BE9850 /* Category.swift in Sources */ = {isa = PBXBuildFile; fileRef = 11F4B5351F4FC92200BE9850 /* Category.swift */; };
		11F4B5381F4FCCE100BE9850 /* CategoryCollectionCell.swift in Sources */ = {isa = PBXBuildFile; fileRef = 11F4B5371F4FCCE100BE9850 /* CategoryCollectionCell.swift */; };
		11F4B53A1F4FD04000BE9850 /* HotCollectionView.swift in Sources */ = {isa = PBXBuildFile; fileRef = 11F4B5391F4FD04000BE9850 /* HotCollectionView.swift */; };
		11F4B53C1F4FD07900BE9850 /* Book.swift in Sources */ = {isa = PBXBuildFile; fileRef = 11F4B53B1F4FD07900BE9850 /* Book.swift */; };
		11F4B53E1F4FD0C600BE9850 /* HotCollectionCell.swift in Sources */ = {isa = PBXBuildFile; fileRef = 11F4B53D1F4FD0C600BE9850 /* HotCollectionCell.swift */; };
		11F4B5401F4FEA2900BE9850 /* FavoriteCollectionView.swift in Sources */ = {isa = PBXBuildFile; fileRef = 11F4B53F1F4FEA2900BE9850 /* FavoriteCollectionView.swift */; };
		11F4B5421F4FEA6200BE9850 /* FavoriteCollectionCell.swift in Sources */ = {isa = PBXBuildFile; fileRef = 11F4B5411F4FEA6200BE9850 /* FavoriteCollectionCell.swift */; };
		11F4B5441F4FEC2000BE9850 /* BookDao.swift in Sources */ = {isa = PBXBuildFile; fileRef = 11F4B5431F4FEC2000BE9850 /* BookDao.swift */; };
		11F4B5461F4FF24800BE9850 /* BookTableViewController.swift in Sources */ = {isa = PBXBuildFile; fileRef = 11F4B5451F4FF24800BE9850 /* BookTableViewController.swift */; };
		11F4B5481F4FF3AF00BE9850 /* BookTableCell.swift in Sources */ = {isa = PBXBuildFile; fileRef = 11F4B5471F4FF3AF00BE9850 /* BookTableCell.swift */; };
		11F4B54A1F5003F100BE9850 /* Section.swift in Sources */ = {isa = PBXBuildFile; fileRef = 11F4B5491F5003F100BE9850 /* Section.swift */; };
		11F4B54C1F50049A00BE9850 /* SectionDao.swift in Sources */ = {isa = PBXBuildFile; fileRef = 11F4B54B1F50049A00BE9850 /* SectionDao.swift */; };
		11F4B54E1F5009C400BE9850 /* SectionDetailController.swift in Sources */ = {isa = PBXBuildFile; fileRef = 11F4B54D1F5009C400BE9850 /* SectionDetailController.swift */; };
		A4574F9FA226096FDF2D96EA /* Pods_future_v2.framework in Frameworks */ = {isa = PBXBuildFile; fileRef = 517FDD7F6E761B383240C741 /* Pods_future_v2.framework */; };
/* End PBXBuildFile section */

/* Begin PBXContainerItemProxy section */
		11F4B4E11F4EAE4500BE9850 /* PBXContainerItemProxy */ = {
			isa = PBXContainerItemProxy;
			containerPortal = 11F4B4C11F4EAE4500BE9850 /* Project object */;
			proxyType = 1;
			remoteGlobalIDString = 11F4B4C81F4EAE4500BE9850;
			remoteInfo = "future-v2";
		};
		11F4B4EC1F4EAE4500BE9850 /* PBXContainerItemProxy */ = {
			isa = PBXContainerItemProxy;
			containerPortal = 11F4B4C11F4EAE4500BE9850 /* Project object */;
			proxyType = 1;
			remoteGlobalIDString = 11F4B4C81F4EAE4500BE9850;
			remoteInfo = "future-v2";
		};
/* End PBXContainerItemProxy section */

/* Begin PBXFileReference section */
		111DBBBA1F5563040087512B /* PhotoAlbumUtil.swift */ = {isa = PBXFileReference; fileEncoding = 4; lastKnownFileType = sourcecode.swift; path = PhotoAlbumUtil.swift; sourceTree = "<group>"; };
		111DBBBC1F5574480087512B /* FileUtil.swift */ = {isa = PBXFileReference; fileEncoding = 4; lastKnownFileType = sourcecode.swift; path = FileUtil.swift; sourceTree = "<group>"; };
		111DBBBE1F5576D50087512B /* CacheImage.swift */ = {isa = PBXFileReference; fileEncoding = 4; lastKnownFileType = sourcecode.swift; path = CacheImage.swift; sourceTree = "<group>"; };
		111DBBC01F564D490087512B /* IdcardVerifyController.swift */ = {isa = PBXFileReference; fileEncoding = 4; lastKnownFileType = sourcecode.swift; path = IdcardVerifyController.swift; sourceTree = "<group>"; };
		111DBBC21F566B140087512B /* IdcardGenerateController.swift */ = {isa = PBXFileReference; fileEncoding = 4; lastKnownFileType = sourcecode.swift; path = IdcardGenerateController.swift; sourceTree = "<group>"; };
		111DBBC41F567CC80087512B /* ProvinceTableViewController.swift */ = {isa = PBXFileReference; fileEncoding = 4; lastKnownFileType = sourcecode.swift; path = ProvinceTableViewController.swift; sourceTree = "<group>"; };
		111DBBC61F567FE40087512B /* ProvinceTableCell.swift */ = {isa = PBXFileReference; fileEncoding = 4; lastKnownFileType = sourcecode.swift; path = ProvinceTableCell.swift; sourceTree = "<group>"; };
		1134EC671F52961800A28B4C /* MessageTableViewController.swift */ = {isa = PBXFileReference; fileEncoding = 4; lastKnownFileType = sourcecode.swift; path = MessageTableViewController.swift; sourceTree = "<group>"; };
		1134EC691F52967200A28B4C /* Message.swift */ = {isa = PBXFileReference; fileEncoding = 4; lastKnownFileType = sourcecode.swift; path = Message.swift; sourceTree = "<group>"; };
		1134EC6B1F52973A00A28B4C /* MessageTableCell.swift */ = {isa = PBXFileReference; fileEncoding = 4; lastKnownFileType = sourcecode.swift; path = MessageTableCell.swift; sourceTree = "<group>"; };
		1134EC6D1F52A56800A28B4C /* MessageDetailController.swift */ = {isa = PBXFileReference; fileEncoding = 4; lastKnownFileType = sourcecode.swift; path = MessageDetailController.swift; sourceTree = "<group>"; };
		1134EC6F1F52DAE100A28B4C /* AdviceController.swift */ = {isa = PBXFileReference; fileEncoding = 4; lastKnownFileType = sourcecode.swift; path = AdviceController.swift; sourceTree = "<group>"; };
		1134EC711F52E7DD00A28B4C /* MessageReplyController.swift */ = {isa = PBXFileReference; fileEncoding = 4; lastKnownFileType = sourcecode.swift; path = MessageReplyController.swift; sourceTree = "<group>"; };
		1134EC731F53E08200A28B4C /* AvatarUploadController.swift */ = {isa = PBXFileReference; fileEncoding = 4; lastKnownFileType = sourcecode.swift; path = AvatarUploadController.swift; sourceTree = "<group>"; };
		1134EC751F541BD700A28B4C /* AboutFunctionController.swift */ = {isa = PBXFileReference; fileEncoding = 4; lastKnownFileType = sourcecode.swift; path = AboutFunctionController.swift; sourceTree = "<group>"; };
		1134EC781F54FB0700A28B4C /* ToolIndexController.swift */ = {isa = PBXFileReference; fileEncoding = 4; lastKnownFileType = sourcecode.swift; path = ToolIndexController.swift; sourceTree = "<group>"; };
		1134EC7A1F54FB8100A28B4C /* ToolCollectionView.swift */ = {isa = PBXFileReference; fileEncoding = 4; lastKnownFileType = sourcecode.swift; path = ToolCollectionView.swift; sourceTree = "<group>"; };
		1134EC7C1F54FB9000A28B4C /* ToolCollectionCell.swift */ = {isa = PBXFileReference; fileEncoding = 4; lastKnownFileType = sourcecode.swift; path = ToolCollectionCell.swift; sourceTree = "<group>"; };
		1134EC7F1F550D8B00A28B4C /* MusicIndexController.swift */ = {isa = PBXFileReference; fileEncoding = 4; lastKnownFileType = sourcecode.swift; path = MusicIndexController.swift; sourceTree = "<group>"; };
		1134EC811F5511DC00A28B4C /* QrScanController.swift */ = {isa = PBXFileReference; fileEncoding = 4; lastKnownFileType = sourcecode.swift; path = QrScanController.swift; sourceTree = "<group>"; };
		1134EC831F55185D00A28B4C /* QrScanResultController.swift */ = {isa = PBXFileReference; fileEncoding = 4; lastKnownFileType = sourcecode.swift; path = QrScanResultController.swift; sourceTree = "<group>"; };
		1134EC871F553E6500A28B4C /* QrGenerateController.swift */ = {isa = PBXFileReference; fileEncoding = 4; lastKnownFileType = sourcecode.swift; path = QrGenerateController.swift; sourceTree = "<group>"; };
		113666CA1F502CA200DFAC99 /* SettingController.swift */ = {isa = PBXFileReference; fileEncoding = 4; lastKnownFileType = sourcecode.swift; path = SettingController.swift; sourceTree = "<group>"; };
		113666CC1F5067E000DFAC99 /* ThemeTableViewController.swift */ = {isa = PBXFileReference; fileEncoding = 4; lastKnownFileType = sourcecode.swift; path = ThemeTableViewController.swift; sourceTree = "<group>"; };
		113666CE1F50688900DFAC99 /* ThemeTableCell.swift */ = {isa = PBXFileReference; fileEncoding = 4; lastKnownFileType = sourcecode.swift; path = ThemeTableCell.swift; sourceTree = "<group>"; };
		113666D01F506B4F00DFAC99 /* SectionTableViewController.swift */ = {isa = PBXFileReference; fileEncoding = 4; lastKnownFileType = sourcecode.swift; path = SectionTableViewController.swift; sourceTree = "<group>"; };
		113666D21F506C8700DFAC99 /* SectionTableCell.swift */ = {isa = PBXFileReference; fileEncoding = 4; lastKnownFileType = sourcecode.swift; path = SectionTableCell.swift; sourceTree = "<group>"; };
		113666DF1F51B87500DFAC99 /* User.swift */ = {isa = PBXFileReference; fileEncoding = 4; lastKnownFileType = sourcecode.swift; path = User.swift; sourceTree = "<group>"; };
		113666E11F51B93E00DFAC99 /* UserDao.swift */ = {isa = PBXFileReference; fileEncoding = 4; lastKnownFileType = sourcecode.swift; path = UserDao.swift; sourceTree = "<group>"; };
		113666E31F51D2D000DFAC99 /* UserInfoController.swift */ = {isa = PBXFileReference; fileEncoding = 4; lastKnownFileType = sourcecode.swift; path = UserInfoController.swift; sourceTree = "<group>"; };
		113666E51F51D84E00DFAC99 /* RealnameController.swift */ = {isa = PBXFileReference; fileEncoding = 4; lastKnownFileType = sourcecode.swift; path = RealnameController.swift; sourceTree = "<group>"; };
		113666E71F51E72700DFAC99 /* EmailController.swift */ = {isa = PBXFileReference; fileEncoding = 4; lastKnownFileType = sourcecode.swift; path = EmailController.swift; sourceTree = "<group>"; };
		113666E91F524DE500DFAC99 /* AboutController.swift */ = {isa = PBXFileReference; fileEncoding = 4; lastKnownFileType = sourcecode.swift; path = AboutController.swift; sourceTree = "<group>"; };
		113666EB1F52516300DFAC99 /* PasswordController.swift */ = {isa = PBXFileReference; fileEncoding = 4; lastKnownFileType = sourcecode.swift; path = PasswordController.swift; sourceTree = "<group>"; };
		1163AF251F5D2B6900A8C2A1 /* MusicStoreController.swift */ = {isa = PBXFileReference; fileEncoding = 4; lastKnownFileType = sourcecode.swift; path = MusicStoreController.swift; sourceTree = "<group>"; };
		1172D9811F5EB131007D4EC8 /* GALA - Young For You.mp3 */ = {isa = PBXFileReference; lastKnownFileType = audio.mp3; path = "GALA - Young For You.mp3"; sourceTree = "<group>"; };
		1172D9831F5F9162007D4EC8 /* Music.swift */ = {isa = PBXFileReference; fileEncoding = 4; lastKnownFileType = sourcecode.swift; path = Music.swift; sourceTree = "<group>"; };
		1172D9851F5F9310007D4EC8 /* MusicTableViewController.swift */ = {isa = PBXFileReference; fileEncoding = 4; lastKnownFileType = sourcecode.swift; path = MusicTableViewController.swift; sourceTree = "<group>"; };
		1172D9871F5F9376007D4EC8 /* MusicTableCell.swift */ = {isa = PBXFileReference; fileEncoding = 4; lastKnownFileType = sourcecode.swift; path = MusicTableCell.swift; sourceTree = "<group>"; };
		1172D9891F5FB279007D4EC8 /* MusicLocalTableViewController.swift */ = {isa = PBXFileReference; fileEncoding = 4; lastKnownFileType = sourcecode.swift; path = MusicLocalTableViewController.swift; sourceTree = "<group>"; };
		1172D98B1F5FB432007D4EC8 /* MusicLocalTableCell.swift */ = {isa = PBXFileReference; fileEncoding = 4; lastKnownFileType = sourcecode.swift; path = MusicLocalTableCell.swift; sourceTree = "<group>"; };
		117D92461F57D05A0087B5BF /* News.swift */ = {isa = PBXFileReference; fileEncoding = 4; lastKnownFileType = sourcecode.swift; path = News.swift; sourceTree = "<group>"; };
		11F4B4C91F4EAE4500BE9850 /* future-v2.app */ = {isa = PBXFileReference; explicitFileType = wrapper.application; includeInIndex = 0; path = "future-v2.app"; sourceTree = BUILT_PRODUCTS_DIR; };
		11F4B4CC1F4EAE4500BE9850 /* AppDelegate.swift */ = {isa = PBXFileReference; lastKnownFileType = sourcecode.swift; path = AppDelegate.swift; sourceTree = "<group>"; };
		11F4B4D11F4EAE4500BE9850 /* Base */ = {isa = PBXFileReference; lastKnownFileType = file.storyboard; name = Base; path = Base.lproj/Main.storyboard; sourceTree = "<group>"; };
		11F4B4D41F4EAE4500BE9850 /* future_v2.xcdatamodel */ = {isa = PBXFileReference; lastKnownFileType = wrapper.xcdatamodel; path = future_v2.xcdatamodel; sourceTree = "<group>"; };
		11F4B4D91F4EAE4500BE9850 /* Base */ = {isa = PBXFileReference; lastKnownFileType = file.storyboard; name = Base; path = Base.lproj/LaunchScreen.storyboard; sourceTree = "<group>"; };
		11F4B4DB1F4EAE4500BE9850 /* Info.plist */ = {isa = PBXFileReference; lastKnownFileType = text.plist.xml; path = Info.plist; sourceTree = "<group>"; };
		11F4B4E01F4EAE4500BE9850 /* future-v2Tests.xctest */ = {isa = PBXFileReference; explicitFileType = wrapper.cfbundle; includeInIndex = 0; path = "future-v2Tests.xctest"; sourceTree = BUILT_PRODUCTS_DIR; };
		11F4B4E41F4EAE4500BE9850 /* future_v2Tests.swift */ = {isa = PBXFileReference; lastKnownFileType = sourcecode.swift; path = future_v2Tests.swift; sourceTree = "<group>"; };
		11F4B4E61F4EAE4500BE9850 /* Info.plist */ = {isa = PBXFileReference; lastKnownFileType = text.plist.xml; path = Info.plist; sourceTree = "<group>"; };
		11F4B4EB1F4EAE4500BE9850 /* future-v2UITests.xctest */ = {isa = PBXFileReference; explicitFileType = wrapper.cfbundle; includeInIndex = 0; path = "future-v2UITests.xctest"; sourceTree = BUILT_PRODUCTS_DIR; };
		11F4B4EF1F4EAE4500BE9850 /* future_v2UITests.swift */ = {isa = PBXFileReference; lastKnownFileType = sourcecode.swift; path = future_v2UITests.swift; sourceTree = "<group>"; };
		11F4B4F11F4EAE4500BE9850 /* Info.plist */ = {isa = PBXFileReference; lastKnownFileType = text.plist.xml; path = Info.plist; sourceTree = "<group>"; };
		11F4B5051F4ECE7700BE9850 /* LoginController.swift */ = {isa = PBXFileReference; fileEncoding = 4; lastKnownFileType = sourcecode.swift; path = LoginController.swift; sourceTree = "<group>"; };
		11F4B5071F4ECF8C00BE9850 /* ViewUtil.swift */ = {isa = PBXFileReference; fileEncoding = 4; lastKnownFileType = sourcecode.swift; path = ViewUtil.swift; sourceTree = "<group>"; };
		11F4B50A1F4ED80E00BE9850 /* TabBarController.swift */ = {isa = PBXFileReference; fileEncoding = 4; lastKnownFileType = sourcecode.swift; path = TabBarController.swift; sourceTree = "<group>"; };
		11F4B50C1F4EDE3E00BE9850 /* AppConstants.swift */ = {isa = PBXFileReference; fileEncoding = 4; lastKnownFileType = sourcecode.swift; path = AppConstants.swift; sourceTree = "<group>"; };
		11F4B50E1F4EDE6600BE9850 /* UrlConstants.swift */ = {isa = PBXFileReference; fileEncoding = 4; lastKnownFileType = sourcecode.swift; path = UrlConstants.swift; sourceTree = "<group>"; };
		11F4B5101F4EE0F600BE9850 /* UserService.swift */ = {isa = PBXFileReference; fileEncoding = 4; lastKnownFileType = sourcecode.swift; path = UserService.swift; sourceTree = "<group>"; };
		11F4B5121F4EE21000BE9850 /* StringUtil.swift */ = {isa = PBXFileReference; fileEncoding = 4; lastKnownFileType = sourcecode.swift; path = StringUtil.swift; sourceTree = "<group>"; };
		11F4B5141F4EE28900BE9850 /* Toast.swift */ = {isa = PBXFileReference; fileEncoding = 4; lastKnownFileType = sourcecode.swift; path = Toast.swift; sourceTree = "<group>"; };
		11F4B5161F4EE64100BE9850 /* Http.swift */ = {isa = PBXFileReference; fileEncoding = 4; lastKnownFileType = sourcecode.swift; path = Http.swift; sourceTree = "<group>"; };
		11F4B51B1F4EE9F300BE9850 /* Dictionary.swift */ = {isa = PBXFileReference; fileEncoding = 4; lastKnownFileType = sourcecode.swift; path = Dictionary.swift; sourceTree = "<group>"; };
		11F4B51D1F4EEA1700BE9850 /* DictionaryDao.swift */ = {isa = PBXFileReference; fileEncoding = 4; lastKnownFileType = sourcecode.swift; path = DictionaryDao.swift; sourceTree = "<group>"; };
		11F4B51F1F4EEA9600BE9850 /* DictionaryKey.swift */ = {isa = PBXFileReference; fileEncoding = 4; lastKnownFileType = sourcecode.swift; path = DictionaryKey.swift; sourceTree = "<group>"; };
		11F4B5211F4EF02200BE9850 /* RegisterController.swift */ = {isa = PBXFileReference; fileEncoding = 4; lastKnownFileType = sourcecode.swift; path = RegisterController.swift; sourceTree = "<group>"; };
		11F4B5231F4EF9D000BE9850 /* RegisterSuccessController.swift */ = {isa = PBXFileReference; fileEncoding = 4; lastKnownFileType = sourcecode.swift; path = RegisterSuccessController.swift; sourceTree = "<group>"; };
		11F4B5251F4EFCED00BE9850 /* ForgotController.swift */ = {isa = PBXFileReference; fileEncoding = 4; lastKnownFileType = sourcecode.swift; path = ForgotController.swift; sourceTree = "<group>"; };
		11F4B5271F4F00C900BE9850 /* ForgotSuccessController.swift */ = {isa = PBXFileReference; fileEncoding = 4; lastKnownFileType = sourcecode.swift; path = ForgotSuccessController.swift; sourceTree = "<group>"; };
		11F4B52A1F4FB81B00BE9850 /* BookIndexController.swift */ = {isa = PBXFileReference; fileEncoding = 4; lastKnownFileType = sourcecode.swift; path = BookIndexController.swift; sourceTree = "<group>"; };
		11F4B52C1F4FB88F00BE9850 /* MyIndexController.swift */ = {isa = PBXFileReference; fileEncoding = 4; lastKnownFileType = sourcecode.swift; path = MyIndexController.swift; sourceTree = "<group>"; };
		11F4B52F1F4FC48A00BE9850 /* Assets.xcassets */ = {isa = PBXFileReference; lastKnownFileType = folder.assetcatalog; path = Assets.xcassets; sourceTree = "<group>"; };
		11F4B5311F4FC82B00BE9850 /* CategoryCollectionView.swift */ = {isa = PBXFileReference; fileEncoding = 4; lastKnownFileType = sourcecode.swift; path = CategoryCollectionView.swift; sourceTree = "<group>"; };
		11F4B5351F4FC92200BE9850 /* Category.swift */ = {isa = PBXFileReference; fileEncoding = 4; lastKnownFileType = sourcecode.swift; path = Category.swift; sourceTree = "<group>"; };
		11F4B5371F4FCCE100BE9850 /* CategoryCollectionCell.swift */ = {isa = PBXFileReference; fileEncoding = 4; lastKnownFileType = sourcecode.swift; path = CategoryCollectionCell.swift; sourceTree = "<group>"; };
		11F4B5391F4FD04000BE9850 /* HotCollectionView.swift */ = {isa = PBXFileReference; fileEncoding = 4; lastKnownFileType = sourcecode.swift; path = HotCollectionView.swift; sourceTree = "<group>"; };
		11F4B53B1F4FD07900BE9850 /* Book.swift */ = {isa = PBXFileReference; fileEncoding = 4; lastKnownFileType = sourcecode.swift; path = Book.swift; sourceTree = "<group>"; };
		11F4B53D1F4FD0C600BE9850 /* HotCollectionCell.swift */ = {isa = PBXFileReference; fileEncoding = 4; lastKnownFileType = sourcecode.swift; path = HotCollectionCell.swift; sourceTree = "<group>"; };
		11F4B53F1F4FEA2900BE9850 /* FavoriteCollectionView.swift */ = {isa = PBXFileReference; fileEncoding = 4; lastKnownFileType = sourcecode.swift; path = FavoriteCollectionView.swift; sourceTree = "<group>"; };
		11F4B5411F4FEA6200BE9850 /* FavoriteCollectionCell.swift */ = {isa = PBXFileReference; fileEncoding = 4; lastKnownFileType = sourcecode.swift; path = FavoriteCollectionCell.swift; sourceTree = "<group>"; };
		11F4B5431F4FEC2000BE9850 /* BookDao.swift */ = {isa = PBXFileReference; fileEncoding = 4; lastKnownFileType = sourcecode.swift; path = BookDao.swift; sourceTree = "<group>"; };
		11F4B5451F4FF24800BE9850 /* BookTableViewController.swift */ = {isa = PBXFileReference; fileEncoding = 4; lastKnownFileType = sourcecode.swift; path = BookTableViewController.swift; sourceTree = "<group>"; };
		11F4B5471F4FF3AF00BE9850 /* BookTableCell.swift */ = {isa = PBXFileReference; fileEncoding = 4; lastKnownFileType = sourcecode.swift; path = BookTableCell.swift; sourceTree = "<group>"; };
		11F4B5491F5003F100BE9850 /* Section.swift */ = {isa = PBXFileReference; fileEncoding = 4; lastKnownFileType = sourcecode.swift; path = Section.swift; sourceTree = "<group>"; };
		11F4B54B1F50049A00BE9850 /* SectionDao.swift */ = {isa = PBXFileReference; fileEncoding = 4; lastKnownFileType = sourcecode.swift; path = SectionDao.swift; sourceTree = "<group>"; };
		11F4B54D1F5009C400BE9850 /* SectionDetailController.swift */ = {isa = PBXFileReference; fileEncoding = 4; lastKnownFileType = sourcecode.swift; path = SectionDetailController.swift; sourceTree = "<group>"; };
		517FDD7F6E761B383240C741 /* Pods_future_v2.framework */ = {isa = PBXFileReference; explicitFileType = wrapper.framework; includeInIndex = 0; path = Pods_future_v2.framework; sourceTree = BUILT_PRODUCTS_DIR; };
		9A38D34A2E62A5CCD6BDADEF /* Pods-future-v2.release.xcconfig */ = {isa = PBXFileReference; includeInIndex = 1; lastKnownFileType = text.xcconfig; name = "Pods-future-v2.release.xcconfig"; path = "Pods/Target Support Files/Pods-future-v2/Pods-future-v2.release.xcconfig"; sourceTree = "<group>"; };
		E43749B1A13E00AD300C5FAD /* Pods-future-v2.debug.xcconfig */ = {isa = PBXFileReference; includeInIndex = 1; lastKnownFileType = text.xcconfig; name = "Pods-future-v2.debug.xcconfig"; path = "Pods/Target Support Files/Pods-future-v2/Pods-future-v2.debug.xcconfig"; sourceTree = "<group>"; };
/* End PBXFileReference section */

/* Begin PBXFrameworksBuildPhase section */
		11F4B4C61F4EAE4500BE9850 /* Frameworks */ = {
			isa = PBXFrameworksBuildPhase;
			buildActionMask = 2147483647;
			files = (
				A4574F9FA226096FDF2D96EA /* Pods_future_v2.framework in Frameworks */,
			);
			runOnlyForDeploymentPostprocessing = 0;
		};
		11F4B4DD1F4EAE4500BE9850 /* Frameworks */ = {
			isa = PBXFrameworksBuildPhase;
			buildActionMask = 2147483647;
			files = (
			);
			runOnlyForDeploymentPostprocessing = 0;
		};
		11F4B4E81F4EAE4500BE9850 /* Frameworks */ = {
			isa = PBXFrameworksBuildPhase;
			buildActionMask = 2147483647;
			files = (
			);
			runOnlyForDeploymentPostprocessing = 0;
		};
/* End PBXFrameworksBuildPhase section */

/* Begin PBXGroup section */
		1134EC771F54FABC00A28B4C /* tool */ = {
			isa = PBXGroup;
			children = (
				1134EC781F54FB0700A28B4C /* ToolIndexController.swift */,
				1134EC7A1F54FB8100A28B4C /* ToolCollectionView.swift */,
				1134EC7C1F54FB9000A28B4C /* ToolCollectionCell.swift */,
				1134EC811F5511DC00A28B4C /* QrScanController.swift */,
				1134EC831F55185D00A28B4C /* QrScanResultController.swift */,
				1134EC871F553E6500A28B4C /* QrGenerateController.swift */,
				111DBBC01F564D490087512B /* IdcardVerifyController.swift */,
				111DBBC21F566B140087512B /* IdcardGenerateController.swift */,
				111DBBC41F567CC80087512B /* ProvinceTableViewController.swift */,
				111DBBC61F567FE40087512B /* ProvinceTableCell.swift */,
			);
			name = tool;
			sourceTree = "<group>";
		};
		1134EC7E1F550D7C00A28B4C /* music */ = {
			isa = PBXGroup;
			children = (
				1134EC7F1F550D8B00A28B4C /* MusicIndexController.swift */,
				1163AF251F5D2B6900A8C2A1 /* MusicStoreController.swift */,
				1172D9851F5F9310007D4EC8 /* MusicTableViewController.swift */,
				1172D9871F5F9376007D4EC8 /* MusicTableCell.swift */,
				1172D9891F5FB279007D4EC8 /* MusicLocalTableViewController.swift */,
				1172D98B1F5FB432007D4EC8 /* MusicLocalTableCell.swift */,
			);
			name = music;
			sourceTree = "<group>";
		};
		113666D41F51408700DFAC99 /* music */ = {
			isa = PBXGroup;
			children = (
			);
			name = music;
			sourceTree = "<group>";
		};
		1172D9801F5EB122007D4EC8 /* music */ = {
			isa = PBXGroup;
			children = (
				1172D9811F5EB131007D4EC8 /* GALA - Young For You.mp3 */,
			);
			name = music;
			sourceTree = "<group>";
		};
		11F4B4C01F4EAE4500BE9850 = {
			isa = PBXGroup;
			children = (
				11F4B4CB1F4EAE4500BE9850 /* future-v2 */,
				11F4B4E31F4EAE4500BE9850 /* future-v2Tests */,
				11F4B4EE1F4EAE4500BE9850 /* future-v2UITests */,
				11F4B4CA1F4EAE4500BE9850 /* Products */,
				B1128B348E0F3F02C7D32922 /* Pods */,
				1EED5BEBB88549C2F674B7FF /* Frameworks */,
			);
			sourceTree = "<group>";
		};
		11F4B4CA1F4EAE4500BE9850 /* Products */ = {
			isa = PBXGroup;
			children = (
				11F4B4C91F4EAE4500BE9850 /* future-v2.app */,
				11F4B4E01F4EAE4500BE9850 /* future-v2Tests.xctest */,
				11F4B4EB1F4EAE4500BE9850 /* future-v2UITests.xctest */,
			);
			name = Products;
			sourceTree = "<group>";
		};
		11F4B4CB1F4EAE4500BE9850 /* future-v2 */ = {
			isa = PBXGroup;
			children = (
				1172D9801F5EB122007D4EC8 /* music */,
				11F4B5181F4EE75C00BE9850 /* constants */,
				11F4B5031F4EAFCB00BE9850 /* swift */,
				11F4B5021F4EAFC300BE9850 /* controller */,
				11F4B5011F4EAFBD00BE9850 /* util */,
				11F4B5001F4EAFB700BE9850 /* remote */,
				11F4B4FF1F4EAFAC00BE9850 /* model */,
				11F4B4FE1F4EAFA200BE9850 /* serivce */,
				11F4B4FD1F4EAF9A00BE9850 /* dao */,
			);
			path = "future-v2";
			sourceTree = "<group>";
		};
		11F4B4E31F4EAE4500BE9850 /* future-v2Tests */ = {
			isa = PBXGroup;
			children = (
				11F4B4E41F4EAE4500BE9850 /* future_v2Tests.swift */,
				11F4B4E61F4EAE4500BE9850 /* Info.plist */,
			);
			path = "future-v2Tests";
			sourceTree = "<group>";
		};
		11F4B4EE1F4EAE4500BE9850 /* future-v2UITests */ = {
			isa = PBXGroup;
			children = (
				11F4B4EF1F4EAE4500BE9850 /* future_v2UITests.swift */,
				11F4B4F11F4EAE4500BE9850 /* Info.plist */,
			);
			path = "future-v2UITests";
			sourceTree = "<group>";
		};
		11F4B4FD1F4EAF9A00BE9850 /* dao */ = {
			isa = PBXGroup;
			children = (
				11F4B51D1F4EEA1700BE9850 /* DictionaryDao.swift */,
				11F4B5431F4FEC2000BE9850 /* BookDao.swift */,
				11F4B54B1F50049A00BE9850 /* SectionDao.swift */,
				113666E11F51B93E00DFAC99 /* UserDao.swift */,
			);
			name = dao;
			sourceTree = "<group>";
		};
		11F4B4FE1F4EAFA200BE9850 /* serivce */ = {
			isa = PBXGroup;
			children = (
				11F4B5101F4EE0F600BE9850 /* UserService.swift */,
			);
			name = serivce;
			sourceTree = "<group>";
		};
		11F4B4FF1F4EAFAC00BE9850 /* model */ = {
			isa = PBXGroup;
			children = (
				11F4B51B1F4EE9F300BE9850 /* Dictionary.swift */,
				11F4B5351F4FC92200BE9850 /* Category.swift */,
				11F4B53B1F4FD07900BE9850 /* Book.swift */,
				11F4B5491F5003F100BE9850 /* Section.swift */,
				113666DF1F51B87500DFAC99 /* User.swift */,
				1134EC691F52967200A28B4C /* Message.swift */,
				117D92461F57D05A0087B5BF /* News.swift */,
				1172D9831F5F9162007D4EC8 /* Music.swift */,
			);
			name = model;
			sourceTree = "<group>";
		};
		11F4B5001F4EAFB700BE9850 /* remote */ = {
			isa = PBXGroup;
			children = (
			);
			name = remote;
			sourceTree = "<group>";
		};
		11F4B5011F4EAFBD00BE9850 /* util */ = {
			isa = PBXGroup;
			children = (
				11F4B5071F4ECF8C00BE9850 /* ViewUtil.swift */,
				11F4B5121F4EE21000BE9850 /* StringUtil.swift */,
				11F4B5141F4EE28900BE9850 /* Toast.swift */,
				11F4B5161F4EE64100BE9850 /* Http.swift */,
				111DBBBA1F5563040087512B /* PhotoAlbumUtil.swift */,
				111DBBBC1F5574480087512B /* FileUtil.swift */,
				111DBBBE1F5576D50087512B /* CacheImage.swift */,
			);
			name = util;
			sourceTree = "<group>";
		};
		11F4B5021F4EAFC300BE9850 /* controller */ = {
			isa = PBXGroup;
			children = (
				1134EC7E1F550D7C00A28B4C /* music */,
				1134EC771F54FABC00A28B4C /* tool */,
				113666D41F51408700DFAC99 /* music */,
				11F4B52E1F4FB8C500BE9850 /* my */,
				11F4B5291F4FB80900BE9850 /* book */,
				11F4B5091F4ED7FC00BE9850 /* index */,
				11F4B5041F4ECE6900BE9850 /* user */,
			);
			name = controller;
			sourceTree = "<group>";
		};
		11F4B5031F4EAFCB00BE9850 /* swift */ = {
			isa = PBXGroup;
			children = (
				11F4B52F1F4FC48A00BE9850 /* Assets.xcassets */,
				11F4B4CC1F4EAE4500BE9850 /* AppDelegate.swift */,
				11F4B4D01F4EAE4500BE9850 /* Main.storyboard */,
				11F4B4D81F4EAE4500BE9850 /* LaunchScreen.storyboard */,
				11F4B4DB1F4EAE4500BE9850 /* Info.plist */,
				11F4B4D31F4EAE4500BE9850 /* future_v2.xcdatamodeld */,
			);
			name = swift;
			sourceTree = "<group>";
		};
		11F4B5041F4ECE6900BE9850 /* user */ = {
			isa = PBXGroup;
			children = (
				11F4B5051F4ECE7700BE9850 /* LoginController.swift */,
				11F4B5211F4EF02200BE9850 /* RegisterController.swift */,
				11F4B5231F4EF9D000BE9850 /* RegisterSuccessController.swift */,
				11F4B5251F4EFCED00BE9850 /* ForgotController.swift */,
				11F4B5271F4F00C900BE9850 /* ForgotSuccessController.swift */,
			);
			name = user;
			sourceTree = "<group>";
		};
		11F4B5091F4ED7FC00BE9850 /* index */ = {
			isa = PBXGroup;
			children = (
				11F4B50A1F4ED80E00BE9850 /* TabBarController.swift */,
			);
			name = index;
			sourceTree = "<group>";
		};
		11F4B5181F4EE75C00BE9850 /* constants */ = {
			isa = PBXGroup;
			children = (
				11F4B50C1F4EDE3E00BE9850 /* AppConstants.swift */,
				11F4B50E1F4EDE6600BE9850 /* UrlConstants.swift */,
				11F4B51F1F4EEA9600BE9850 /* DictionaryKey.swift */,
			);
			name = constants;
			sourceTree = "<group>";
		};
		11F4B5291F4FB80900BE9850 /* book */ = {
			isa = PBXGroup;
			children = (
				11F4B52A1F4FB81B00BE9850 /* BookIndexController.swift */,
				11F4B5311F4FC82B00BE9850 /* CategoryCollectionView.swift */,
				11F4B5371F4FCCE100BE9850 /* CategoryCollectionCell.swift */,
				11F4B5391F4FD04000BE9850 /* HotCollectionView.swift */,
				11F4B53D1F4FD0C600BE9850 /* HotCollectionCell.swift */,
				11F4B53F1F4FEA2900BE9850 /* FavoriteCollectionView.swift */,
				11F4B5411F4FEA6200BE9850 /* FavoriteCollectionCell.swift */,
				11F4B5451F4FF24800BE9850 /* BookTableViewController.swift */,
				11F4B5471F4FF3AF00BE9850 /* BookTableCell.swift */,
				11F4B54D1F5009C400BE9850 /* SectionDetailController.swift */,
				113666CA1F502CA200DFAC99 /* SettingController.swift */,
				113666CC1F5067E000DFAC99 /* ThemeTableViewController.swift */,
				113666CE1F50688900DFAC99 /* ThemeTableCell.swift */,
				113666D01F506B4F00DFAC99 /* SectionTableViewController.swift */,
				113666D21F506C8700DFAC99 /* SectionTableCell.swift */,
			);
			name = book;
			sourceTree = "<group>";
		};
		11F4B52E1F4FB8C500BE9850 /* my */ = {
			isa = PBXGroup;
			children = (
				11F4B52C1F4FB88F00BE9850 /* MyIndexController.swift */,
				113666E31F51D2D000DFAC99 /* UserInfoController.swift */,
				113666E51F51D84E00DFAC99 /* RealnameController.swift */,
				113666E71F51E72700DFAC99 /* EmailController.swift */,
				113666E91F524DE500DFAC99 /* AboutController.swift */,
				113666EB1F52516300DFAC99 /* PasswordController.swift */,
				1134EC671F52961800A28B4C /* MessageTableViewController.swift */,
				1134EC6B1F52973A00A28B4C /* MessageTableCell.swift */,
				1134EC6D1F52A56800A28B4C /* MessageDetailController.swift */,
				1134EC6F1F52DAE100A28B4C /* AdviceController.swift */,
				1134EC711F52E7DD00A28B4C /* MessageReplyController.swift */,
				1134EC731F53E08200A28B4C /* AvatarUploadController.swift */,
				1134EC751F541BD700A28B4C /* AboutFunctionController.swift */,
			);
			name = my;
			sourceTree = "<group>";
		};
		1EED5BEBB88549C2F674B7FF /* Frameworks */ = {
			isa = PBXGroup;
			children = (
				517FDD7F6E761B383240C741 /* Pods_future_v2.framework */,
			);
			name = Frameworks;
			sourceTree = "<group>";
		};
		B1128B348E0F3F02C7D32922 /* Pods */ = {
			isa = PBXGroup;
			children = (
				E43749B1A13E00AD300C5FAD /* Pods-future-v2.debug.xcconfig */,
				9A38D34A2E62A5CCD6BDADEF /* Pods-future-v2.release.xcconfig */,
			);
			name = Pods;
			sourceTree = "<group>";
		};
/* End PBXGroup section */

/* Begin PBXNativeTarget section */
		11F4B4C81F4EAE4500BE9850 /* future-v2 */ = {
			isa = PBXNativeTarget;
			buildConfigurationList = 11F4B4F41F4EAE4500BE9850 /* Build configuration list for PBXNativeTarget "future-v2" */;
			buildPhases = (
				2292164A03B8B744A4DD4F04 /* [CP] Check Pods Manifest.lock */,
				11F4B4C51F4EAE4500BE9850 /* Sources */,
				11F4B4C61F4EAE4500BE9850 /* Frameworks */,
				11F4B4C71F4EAE4500BE9850 /* Resources */,
				E51D093F954F80D1F72D3774 /* [CP] Embed Pods Frameworks */,
				299794BB33D03C449118A519 /* [CP] Copy Pods Resources */,
			);
			buildRules = (
			);
			dependencies = (
			);
			name = "future-v2";
			productName = "future-v2";
			productReference = 11F4B4C91F4EAE4500BE9850 /* future-v2.app */;
			productType = "com.apple.product-type.application";
		};
		11F4B4DF1F4EAE4500BE9850 /* future-v2Tests */ = {
			isa = PBXNativeTarget;
			buildConfigurationList = 11F4B4F71F4EAE4500BE9850 /* Build configuration list for PBXNativeTarget "future-v2Tests" */;
			buildPhases = (
				11F4B4DC1F4EAE4500BE9850 /* Sources */,
				11F4B4DD1F4EAE4500BE9850 /* Frameworks */,
				11F4B4DE1F4EAE4500BE9850 /* Resources */,
			);
			buildRules = (
			);
			dependencies = (
				11F4B4E21F4EAE4500BE9850 /* PBXTargetDependency */,
			);
			name = "future-v2Tests";
			productName = "future-v2Tests";
			productReference = 11F4B4E01F4EAE4500BE9850 /* future-v2Tests.xctest */;
			productType = "com.apple.product-type.bundle.unit-test";
		};
		11F4B4EA1F4EAE4500BE9850 /* future-v2UITests */ = {
			isa = PBXNativeTarget;
			buildConfigurationList = 11F4B4FA1F4EAE4500BE9850 /* Build configuration list for PBXNativeTarget "future-v2UITests" */;
			buildPhases = (
				11F4B4E71F4EAE4500BE9850 /* Sources */,
				11F4B4E81F4EAE4500BE9850 /* Frameworks */,
				11F4B4E91F4EAE4500BE9850 /* Resources */,
			);
			buildRules = (
			);
			dependencies = (
				11F4B4ED1F4EAE4500BE9850 /* PBXTargetDependency */,
			);
			name = "future-v2UITests";
			productName = "future-v2UITests";
			productReference = 11F4B4EB1F4EAE4500BE9850 /* future-v2UITests.xctest */;
			productType = "com.apple.product-type.bundle.ui-testing";
		};
/* End PBXNativeTarget section */

/* Begin PBXProject section */
		11F4B4C11F4EAE4500BE9850 /* Project object */ = {
			isa = PBXProject;
			attributes = {
				LastSwiftUpdateCheck = 0830;
				LastUpgradeCheck = 0830;
				ORGANIZATIONNAME = kangyonggan;
				TargetAttributes = {
					11F4B4C81F4EAE4500BE9850 = {
						CreatedOnToolsVersion = 8.3.3;
						DevelopmentTeam = ZAU45PX3J5;
						ProvisioningStyle = Automatic;
						SystemCapabilities = {
							com.apple.BackgroundModes = {
								enabled = 1;
							};
						};
					};
					11F4B4DF1F4EAE4500BE9850 = {
						CreatedOnToolsVersion = 8.3.3;
						DevelopmentTeam = ZAU45PX3J5;
						ProvisioningStyle = Automatic;
						TestTargetID = 11F4B4C81F4EAE4500BE9850;
					};
					11F4B4EA1F4EAE4500BE9850 = {
						CreatedOnToolsVersion = 8.3.3;
						DevelopmentTeam = ZAU45PX3J5;
						ProvisioningStyle = Automatic;
						TestTargetID = 11F4B4C81F4EAE4500BE9850;
					};
				};
			};
			buildConfigurationList = 11F4B4C41F4EAE4500BE9850 /* Build configuration list for PBXProject "future-v2" */;
			compatibilityVersion = "Xcode 3.2";
			developmentRegion = English;
			hasScannedForEncodings = 0;
			knownRegions = (
				en,
				Base,
			);
			mainGroup = 11F4B4C01F4EAE4500BE9850;
			productRefGroup = 11F4B4CA1F4EAE4500BE9850 /* Products */;
			projectDirPath = "";
			projectRoot = "";
			targets = (
				11F4B4C81F4EAE4500BE9850 /* future-v2 */,
				11F4B4DF1F4EAE4500BE9850 /* future-v2Tests */,
				11F4B4EA1F4EAE4500BE9850 /* future-v2UITests */,
			);
		};
/* End PBXProject section */

/* Begin PBXResourcesBuildPhase section */
		11F4B4C71F4EAE4500BE9850 /* Resources */ = {
			isa = PBXResourcesBuildPhase;
			buildActionMask = 2147483647;
			files = (
				11F4B4DA1F4EAE4500BE9850 /* LaunchScreen.storyboard in Resources */,
				11F4B5301F4FC48A00BE9850 /* Assets.xcassets in Resources */,
				1172D9821F5EB131007D4EC8 /* GALA - Young For You.mp3 in Resources */,
				11F4B4D21F4EAE4500BE9850 /* Main.storyboard in Resources */,
			);
			runOnlyForDeploymentPostprocessing = 0;
		};
		11F4B4DE1F4EAE4500BE9850 /* Resources */ = {
			isa = PBXResourcesBuildPhase;
			buildActionMask = 2147483647;
			files = (
			);
			runOnlyForDeploymentPostprocessing = 0;
		};
		11F4B4E91F4EAE4500BE9850 /* Resources */ = {
			isa = PBXResourcesBuildPhase;
			buildActionMask = 2147483647;
			files = (
			);
			runOnlyForDeploymentPostprocessing = 0;
		};
/* End PBXResourcesBuildPhase section */

/* Begin PBXShellScriptBuildPhase section */
		2292164A03B8B744A4DD4F04 /* [CP] Check Pods Manifest.lock */ = {
			isa = PBXShellScriptBuildPhase;
			buildActionMask = 2147483647;
			files = (
			);
			inputPaths = (
				"${PODS_PODFILE_DIR_PATH}/Podfile.lock",
				"${PODS_ROOT}/Manifest.lock",
			);
			name = "[CP] Check Pods Manifest.lock";
			outputPaths = (
				"$(DERIVED_FILE_DIR)/Pods-future-v2-checkManifestLockResult.txt",
			);
			runOnlyForDeploymentPostprocessing = 0;
			shellPath = /bin/sh;
			shellScript = "diff \"${PODS_PODFILE_DIR_PATH}/Podfile.lock\" \"${PODS_ROOT}/Manifest.lock\" > /dev/null\nif [ $? != 0 ] ; then\n    # print error to STDERR\n    echo \"error: The sandbox is not in sync with the Podfile.lock. Run 'pod install' or update your CocoaPods installation.\" >&2\n    exit 1\nfi\n# This output is used by Xcode 'outputs' to avoid re-running this script phase.\necho \"SUCCESS\" > \"${SCRIPT_OUTPUT_FILE_0}\"\n";
			showEnvVarsInLog = 0;
		};
		299794BB33D03C449118A519 /* [CP] Copy Pods Resources */ = {
			isa = PBXShellScriptBuildPhase;
			buildActionMask = 2147483647;
			files = (
			);
			inputPaths = (
			);
			name = "[CP] Copy Pods Resources";
			outputPaths = (
			);
			runOnlyForDeploymentPostprocessing = 0;
			shellPath = /bin/sh;
			shellScript = "\"${SRCROOT}/Pods/Target Support Files/Pods-future-v2/Pods-future-v2-resources.sh\"\n";
			showEnvVarsInLog = 0;
		};
		E51D093F954F80D1F72D3774 /* [CP] Embed Pods Frameworks */ = {
			isa = PBXShellScriptBuildPhase;
			buildActionMask = 2147483647;
			files = (
			);
			inputPaths = (
				"${SRCROOT}/Pods/Target Support Files/Pods-future-v2/Pods-future-v2-frameworks.sh",
				"${BUILT_PRODUCTS_DIR}/Just/Just.framework",
				"${BUILT_PRODUCTS_DIR}/Toast-Swift/Toast_Swift.framework",
			);
			name = "[CP] Embed Pods Frameworks";
			outputPaths = (
				"${TARGET_BUILD_DIR}/${FRAMEWORKS_FOLDER_PATH}/Just.framework",
				"${TARGET_BUILD_DIR}/${FRAMEWORKS_FOLDER_PATH}/Toast_Swift.framework",
			);
			runOnlyForDeploymentPostprocessing = 0;
			shellPath = /bin/sh;
			shellScript = "\"${SRCROOT}/Pods/Target Support Files/Pods-future-v2/Pods-future-v2-frameworks.sh\"\n";
			showEnvVarsInLog = 0;
		};
/* End PBXShellScriptBuildPhase section */

/* Begin PBXSourcesBuildPhase section */
		11F4B4C51F4EAE4500BE9850 /* Sources */ = {
			isa = PBXSourcesBuildPhase;
			buildActionMask = 2147483647;
			files = (
				1134EC681F52961800A28B4C /* MessageTableViewController.swift in Sources */,
				1134EC801F550D8B00A28B4C /* MusicIndexController.swift in Sources */,
				113666E81F51E72700DFAC99 /* EmailController.swift in Sources */,
				113666D11F506B4F00DFAC99 /* SectionTableViewController.swift in Sources */,
				11F4B52D1F4FB88F00BE9850 /* MyIndexController.swift in Sources */,
				11F4B4CD1F4EAE4500BE9850 /* AppDelegate.swift in Sources */,
				1134EC6C1F52973A00A28B4C /* MessageTableCell.swift in Sources */,
				11F4B5461F4FF24800BE9850 /* BookTableViewController.swift in Sources */,
				11F4B5261F4EFCED00BE9850 /* ForgotController.swift in Sources */,
				1134EC721F52E7DD00A28B4C /* MessageReplyController.swift in Sources */,
				111DBBC51F567CC80087512B /* ProvinceTableViewController.swift in Sources */,
				11F4B54E1F5009C400BE9850 /* SectionDetailController.swift in Sources */,
				11F4B50D1F4EDE3E00BE9850 /* AppConstants.swift in Sources */,
				11F4B50F1F4EDE6600BE9850 /* UrlConstants.swift in Sources */,
				113666CF1F50688900DFAC99 /* ThemeTableCell.swift in Sources */,
				11F4B5201F4EEA9600BE9850 /* DictionaryKey.swift in Sources */,
				111DBBBD1F5574480087512B /* FileUtil.swift in Sources */,
				1172D9881F5F9376007D4EC8 /* MusicTableCell.swift in Sources */,
				11F4B52B1F4FB81B00BE9850 /* BookIndexController.swift in Sources */,
				117D92471F57D05A0087B5BF /* News.swift in Sources */,
				1134EC821F5511DC00A28B4C /* QrScanController.swift in Sources */,
				113666E61F51D84E00DFAC99 /* RealnameController.swift in Sources */,
				11F4B5481F4FF3AF00BE9850 /* BookTableCell.swift in Sources */,
				1172D9841F5F9162007D4EC8 /* Music.swift in Sources */,
				11F4B5061F4ECE7700BE9850 /* LoginController.swift in Sources */,
				11F4B5321F4FC82B00BE9850 /* CategoryCollectionView.swift in Sources */,
				11F4B54C1F50049A00BE9850 /* SectionDao.swift in Sources */,
				111DBBC71F567FE40087512B /* ProvinceTableCell.swift in Sources */,
				11F4B5221F4EF02200BE9850 /* RegisterController.swift in Sources */,
				11F4B5171F4EE64100BE9850 /* Http.swift in Sources */,
				113666CD1F5067E000DFAC99 /* ThemeTableViewController.swift in Sources */,
				1134EC881F553E6500A28B4C /* QrGenerateController.swift in Sources */,
				111DBBBB1F5563040087512B /* PhotoAlbumUtil.swift in Sources */,
				113666E41F51D2D000DFAC99 /* UserInfoController.swift in Sources */,
				113666E21F51B93E00DFAC99 /* UserDao.swift in Sources */,
				11F4B51C1F4EE9F300BE9850 /* Dictionary.swift in Sources */,
				1134EC701F52DAE100A28B4C /* AdviceController.swift in Sources */,
				11F4B5111F4EE0F600BE9850 /* UserService.swift in Sources */,
				113666EC1F52516300DFAC99 /* PasswordController.swift in Sources */,
				111DBBBF1F5576D50087512B /* CacheImage.swift in Sources */,
				11F4B5281F4F00C900BE9850 /* ForgotSuccessController.swift in Sources */,
				11F4B5081F4ECF8C00BE9850 /* ViewUtil.swift in Sources */,
				1134EC761F541BD700A28B4C /* AboutFunctionController.swift in Sources */,
				1134EC7B1F54FB8100A28B4C /* ToolCollectionView.swift in Sources */,
				113666EA1F524DE500DFAC99 /* AboutController.swift in Sources */,
				1163AF261F5D2B6900A8C2A1 /* MusicStoreController.swift in Sources */,
				11F4B4D51F4EAE4500BE9850 /* future_v2.xcdatamodeld in Sources */,
				1172D98A1F5FB279007D4EC8 /* MusicLocalTableViewController.swift in Sources */,
				113666CB1F502CA200DFAC99 /* SettingController.swift in Sources */,
				11F4B5441F4FEC2000BE9850 /* BookDao.swift in Sources */,
				111DBBC31F566B140087512B /* IdcardGenerateController.swift in Sources */,
				11F4B5151F4EE28900BE9850 /* Toast.swift in Sources */,
				1134EC741F53E08200A28B4C /* AvatarUploadController.swift in Sources */,
				11F4B5241F4EF9D000BE9850 /* RegisterSuccessController.swift in Sources */,
				11F4B53C1F4FD07900BE9850 /* Book.swift in Sources */,
				113666E01F51B87500DFAC99 /* User.swift in Sources */,
				1134EC7D1F54FB9000A28B4C /* ToolCollectionCell.swift in Sources */,
				11F4B5421F4FEA6200BE9850 /* FavoriteCollectionCell.swift in Sources */,
				1134EC841F55185D00A28B4C /* QrScanResultController.swift in Sources */,
				1172D98C1F5FB432007D4EC8 /* MusicLocalTableCell.swift in Sources */,
				11F4B53E1F4FD0C600BE9850 /* HotCollectionCell.swift in Sources */,
				11F4B5401F4FEA2900BE9850 /* FavoriteCollectionView.swift in Sources */,
				111DBBC11F564D490087512B /* IdcardVerifyController.swift in Sources */,
				1134EC6E1F52A56800A28B4C /* MessageDetailController.swift in Sources */,
				11F4B50B1F4ED80E00BE9850 /* TabBarController.swift in Sources */,
				11F4B51E1F4EEA1700BE9850 /* DictionaryDao.swift in Sources */,
				11F4B53A1F4FD04000BE9850 /* HotCollectionView.swift in Sources */,
				11F4B5131F4EE21000BE9850 /* StringUtil.swift in Sources */,
				1172D9861F5F9310007D4EC8 /* MusicTableViewController.swift in Sources */,
				113666D31F506C8700DFAC99 /* SectionTableCell.swift in Sources */,
				11F4B54A1F5003F100BE9850 /* Section.swift in Sources */,
				1134EC6A1F52967200A28B4C /* Message.swift in Sources */,
				1134EC791F54FB0700A28B4C /* ToolIndexController.swift in Sources */,
				11F4B5381F4FCCE100BE9850 /* CategoryCollectionCell.swift in Sources */,
				11F4B5361F4FC92200BE9850 /* Category.swift in Sources */,
			);
			runOnlyForDeploymentPostprocessing = 0;
		};
		11F4B4DC1F4EAE4500BE9850 /* Sources */ = {
			isa = PBXSourcesBuildPhase;
			buildActionMask = 2147483647;
			files = (
				11F4B4E51F4EAE4500BE9850 /* future_v2Tests.swift in Sources */,
			);
			runOnlyForDeploymentPostprocessing = 0;
		};
		11F4B4E71F4EAE4500BE9850 /* Sources */ = {
			isa = PBXSourcesBuildPhase;
			buildActionMask = 2147483647;
			files = (
				11F4B4F01F4EAE4500BE9850 /* future_v2UITests.swift in Sources */,
			);
			runOnlyForDeploymentPostprocessing = 0;
		};
/* End PBXSourcesBuildPhase section */

/* Begin PBXTargetDependency section */
		11F4B4E21F4EAE4500BE9850 /* PBXTargetDependency */ = {
			isa = PBXTargetDependency;
			target = 11F4B4C81F4EAE4500BE9850 /* future-v2 */;
			targetProxy = 11F4B4E11F4EAE4500BE9850 /* PBXContainerItemProxy */;
		};
		11F4B4ED1F4EAE4500BE9850 /* PBXTargetDependency */ = {
			isa = PBXTargetDependency;
			target = 11F4B4C81F4EAE4500BE9850 /* future-v2 */;
			targetProxy = 11F4B4EC1F4EAE4500BE9850 /* PBXContainerItemProxy */;
		};
/* End PBXTargetDependency section */

/* Begin PBXVariantGroup section */
		11F4B4D01F4EAE4500BE9850 /* Main.storyboard */ = {
			isa = PBXVariantGroup;
			children = (
				11F4B4D11F4EAE4500BE9850 /* Base */,
			);
			name = Main.storyboard;
			sourceTree = "<group>";
		};
		11F4B4D81F4EAE4500BE9850 /* LaunchScreen.storyboard */ = {
			isa = PBXVariantGroup;
			children = (
				11F4B4D91F4EAE4500BE9850 /* Base */,
			);
			name = LaunchScreen.storyboard;
			sourceTree = "<group>";
		};
/* End PBXVariantGroup section */

/* Begin XCBuildConfiguration section */
		11F4B4F21F4EAE4500BE9850 /* Debug */ = {
			isa = XCBuildConfiguration;
			buildSettings = {
				ALWAYS_SEARCH_USER_PATHS = NO;
				CLANG_ANALYZER_NONNULL = YES;
				CLANG_ANALYZER_NUMBER_OBJECT_CONVERSION = YES_AGGRESSIVE;
				CLANG_CXX_LANGUAGE_STANDARD = "gnu++0x";
				CLANG_CXX_LIBRARY = "libc++";
				CLANG_ENABLE_MODULES = YES;
				CLANG_ENABLE_OBJC_ARC = YES;
				CLANG_WARN_BOOL_CONVERSION = YES;
				CLANG_WARN_CONSTANT_CONVERSION = YES;
				CLANG_WARN_DIRECT_OBJC_ISA_USAGE = YES_ERROR;
				CLANG_WARN_DOCUMENTATION_COMMENTS = YES;
				CLANG_WARN_EMPTY_BODY = YES;
				CLANG_WARN_ENUM_CONVERSION = YES;
				CLANG_WARN_INFINITE_RECURSION = YES;
				CLANG_WARN_INT_CONVERSION = YES;
				CLANG_WARN_OBJC_ROOT_CLASS = YES_ERROR;
				CLANG_WARN_SUSPICIOUS_MOVE = YES;
				CLANG_WARN_UNREACHABLE_CODE = YES;
				CLANG_WARN__DUPLICATE_METHOD_MATCH = YES;
				"CODE_SIGN_IDENTITY[sdk=iphoneos*]" = "iPhone Developer";
				COPY_PHASE_STRIP = NO;
				DEBUG_INFORMATION_FORMAT = dwarf;
				ENABLE_STRICT_OBJC_MSGSEND = YES;
				ENABLE_TESTABILITY = YES;
				GCC_C_LANGUAGE_STANDARD = gnu99;
				GCC_DYNAMIC_NO_PIC = NO;
				GCC_NO_COMMON_BLOCKS = YES;
				GCC_OPTIMIZATION_LEVEL = 0;
				GCC_PREPROCESSOR_DEFINITIONS = (
					"DEBUG=1",
					"$(inherited)",
				);
				GCC_WARN_64_TO_32_BIT_CONVERSION = YES;
				GCC_WARN_ABOUT_RETURN_TYPE = YES_ERROR;
				GCC_WARN_UNDECLARED_SELECTOR = YES;
				GCC_WARN_UNINITIALIZED_AUTOS = YES_AGGRESSIVE;
				GCC_WARN_UNUSED_FUNCTION = YES;
				GCC_WARN_UNUSED_VARIABLE = YES;
				IPHONEOS_DEPLOYMENT_TARGET = 10.3;
				MTL_ENABLE_DEBUG_INFO = YES;
				ONLY_ACTIVE_ARCH = YES;
				SDKROOT = iphoneos;
				SWIFT_ACTIVE_COMPILATION_CONDITIONS = DEBUG;
				SWIFT_OPTIMIZATION_LEVEL = "-Onone";
			};
			name = Debug;
		};
		11F4B4F31F4EAE4500BE9850 /* Release */ = {
			isa = XCBuildConfiguration;
			buildSettings = {
				ALWAYS_SEARCH_USER_PATHS = NO;
				CLANG_ANALYZER_NONNULL = YES;
				CLANG_ANALYZER_NUMBER_OBJECT_CONVERSION = YES_AGGRESSIVE;
				CLANG_CXX_LANGUAGE_STANDARD = "gnu++0x";
				CLANG_CXX_LIBRARY = "libc++";
				CLANG_ENABLE_MODULES = YES;
				CLANG_ENABLE_OBJC_ARC = YES;
				CLANG_WARN_BOOL_CONVERSION = YES;
				CLANG_WARN_CONSTANT_CONVERSION = YES;
				CLANG_WARN_DIRECT_OBJC_ISA_USAGE = YES_ERROR;
				CLANG_WARN_DOCUMENTATION_COMMENTS = YES;
				CLANG_WARN_EMPTY_BODY = YES;
				CLANG_WARN_ENUM_CONVERSION = YES;
				CLANG_WARN_INFINITE_RECURSION = YES;
				CLANG_WARN_INT_CONVERSION = YES;
				CLANG_WARN_OBJC_ROOT_CLASS = YES_ERROR;
				CLANG_WARN_SUSPICIOUS_MOVE = YES;
				CLANG_WARN_UNREACHABLE_CODE = YES;
				CLANG_WARN__DUPLICATE_METHOD_MATCH = YES;
				"CODE_SIGN_IDENTITY[sdk=iphoneos*]" = "iPhone Developer";
				COPY_PHASE_STRIP = NO;
				DEBUG_INFORMATION_FORMAT = "dwarf-with-dsym";
				ENABLE_NS_ASSERTIONS = NO;
				ENABLE_STRICT_OBJC_MSGSEND = YES;
				GCC_C_LANGUAGE_STANDARD = gnu99;
				GCC_NO_COMMON_BLOCKS = YES;
				GCC_WARN_64_TO_32_BIT_CONVERSION = YES;
				GCC_WARN_ABOUT_RETURN_TYPE = YES_ERROR;
				GCC_WARN_UNDECLARED_SELECTOR = YES;
				GCC_WARN_UNINITIALIZED_AUTOS = YES_AGGRESSIVE;
				GCC_WARN_UNUSED_FUNCTION = YES;
				GCC_WARN_UNUSED_VARIABLE = YES;
				IPHONEOS_DEPLOYMENT_TARGET = 10.3;
				MTL_ENABLE_DEBUG_INFO = NO;
				SDKROOT = iphoneos;
				SWIFT_OPTIMIZATION_LEVEL = "-Owholemodule";
				VALIDATE_PRODUCT = YES;
			};
			name = Release;
		};
		11F4B4F51F4EAE4500BE9850 /* Debug */ = {
			isa = XCBuildConfiguration;
			baseConfigurationReference = E43749B1A13E00AD300C5FAD /* Pods-future-v2.debug.xcconfig */;
			buildSettings = {
				ASSETCATALOG_COMPILER_APPICON_NAME = AppIcon;
				DEBUG_ACTIVITY_MODE = "";
				DEVELOPMENT_TEAM = ZAU45PX3J5;
				INFOPLIST_FILE = "future-v2/Info.plist";
				LD_RUNPATH_SEARCH_PATHS = "$(inherited) @executable_path/Frameworks";
				PRODUCT_BUNDLE_IDENTIFIER = "com.kangyonggan.future-v2";
				PRODUCT_NAME = "$(TARGET_NAME)";
				SWIFT_VERSION = 3.0;
			};
			name = Debug;
		};
		11F4B4F61F4EAE4500BE9850 /* Release */ = {
			isa = XCBuildConfiguration;
			baseConfigurationReference = 9A38D34A2E62A5CCD6BDADEF /* Pods-future-v2.release.xcconfig */;
			buildSettings = {
				ASSETCATALOG_COMPILER_APPICON_NAME = AppIcon;
				DEBUG_ACTIVITY_MODE = "";
				DEVELOPMENT_TEAM = ZAU45PX3J5;
				INFOPLIST_FILE = "future-v2/Info.plist";
				LD_RUNPATH_SEARCH_PATHS = "$(inherited) @executable_path/Frameworks";
				PRODUCT_BUNDLE_IDENTIFIER = "com.kangyonggan.future-v2";
				PRODUCT_NAME = "$(TARGET_NAME)";
				SWIFT_VERSION = 3.0;
			};
			name = Release;
		};
		11F4B4F81F4EAE4500BE9850 /* Debug */ = {
			isa = XCBuildConfiguration;
			buildSettings = {
				ALWAYS_EMBED_SWIFT_STANDARD_LIBRARIES = YES;
				BUNDLE_LOADER = "$(TEST_HOST)";
				DEVELOPMENT_TEAM = ZAU45PX3J5;
				INFOPLIST_FILE = "future-v2Tests/Info.plist";
				LD_RUNPATH_SEARCH_PATHS = "$(inherited) @executable_path/Frameworks @loader_path/Frameworks";
				PRODUCT_BUNDLE_IDENTIFIER = "com.kangyonggan.future-v2Tests";
				PRODUCT_NAME = "$(TARGET_NAME)";
				SWIFT_VERSION = 3.0;
				TEST_HOST = "$(BUILT_PRODUCTS_DIR)/future-v2.app/future-v2";
			};
			name = Debug;
		};
		11F4B4F91F4EAE4500BE9850 /* Release */ = {
			isa = XCBuildConfiguration;
			buildSettings = {
				ALWAYS_EMBED_SWIFT_STANDARD_LIBRARIES = YES;
				BUNDLE_LOADER = "$(TEST_HOST)";
				DEVELOPMENT_TEAM = ZAU45PX3J5;
				INFOPLIST_FILE = "future-v2Tests/Info.plist";
				LD_RUNPATH_SEARCH_PATHS = "$(inherited) @executable_path/Frameworks @loader_path/Frameworks";
				PRODUCT_BUNDLE_IDENTIFIER = "com.kangyonggan.future-v2Tests";
				PRODUCT_NAME = "$(TARGET_NAME)";
				SWIFT_VERSION = 3.0;
				TEST_HOST = "$(BUILT_PRODUCTS_DIR)/future-v2.app/future-v2";
			};
			name = Release;
		};
		11F4B4FB1F4EAE4500BE9850 /* Debug */ = {
			isa = XCBuildConfiguration;
			buildSettings = {
				ALWAYS_EMBED_SWIFT_STANDARD_LIBRARIES = YES;
				DEVELOPMENT_TEAM = ZAU45PX3J5;
				INFOPLIST_FILE = "future-v2UITests/Info.plist";
				LD_RUNPATH_SEARCH_PATHS = "$(inherited) @executable_path/Frameworks @loader_path/Frameworks";
				PRODUCT_BUNDLE_IDENTIFIER = "com.kangyonggan.future-v2UITests";
				PRODUCT_NAME = "$(TARGET_NAME)";
				SWIFT_VERSION = 3.0;
				TEST_TARGET_NAME = "future-v2";
			};
			name = Debug;
		};
		11F4B4FC1F4EAE4500BE9850 /* Release */ = {
			isa = XCBuildConfiguration;
			buildSettings = {
				ALWAYS_EMBED_SWIFT_STANDARD_LIBRARIES = YES;
				DEVELOPMENT_TEAM = ZAU45PX3J5;
				INFOPLIST_FILE = "future-v2UITests/Info.plist";
				LD_RUNPATH_SEARCH_PATHS = "$(inherited) @executable_path/Frameworks @loader_path/Frameworks";
				PRODUCT_BUNDLE_IDENTIFIER = "com.kangyonggan.future-v2UITests";
				PRODUCT_NAME = "$(TARGET_NAME)";
				SWIFT_VERSION = 3.0;
				TEST_TARGET_NAME = "future-v2";
			};
			name = Release;
		};
/* End XCBuildConfiguration section */

/* Begin XCConfigurationList section */
		11F4B4C41F4EAE4500BE9850 /* Build configuration list for PBXProject "future-v2" */ = {
			isa = XCConfigurationList;
			buildConfigurations = (
				11F4B4F21F4EAE4500BE9850 /* Debug */,
				11F4B4F31F4EAE4500BE9850 /* Release */,
			);
			defaultConfigurationIsVisible = 0;
			defaultConfigurationName = Release;
		};
		11F4B4F41F4EAE4500BE9850 /* Build configuration list for PBXNativeTarget "future-v2" */ = {
			isa = XCConfigurationList;
			buildConfigurations = (
				11F4B4F51F4EAE4500BE9850 /* Debug */,
				11F4B4F61F4EAE4500BE9850 /* Release */,
			);
			defaultConfigurationIsVisible = 0;
			defaultConfigurationName = Release;
		};
		11F4B4F71F4EAE4500BE9850 /* Build configuration list for PBXNativeTarget "future-v2Tests" */ = {
			isa = XCConfigurationList;
			buildConfigurations = (
				11F4B4F81F4EAE4500BE9850 /* Debug */,
				11F4B4F91F4EAE4500BE9850 /* Release */,
			);
			defaultConfigurationIsVisible = 0;
			defaultConfigurationName = Release;
		};
		11F4B4FA1F4EAE4500BE9850 /* Build configuration list for PBXNativeTarget "future-v2UITests" */ = {
			isa = XCConfigurationList;
			buildConfigurations = (
				11F4B4FB1F4EAE4500BE9850 /* Debug */,
				11F4B4FC1F4EAE4500BE9850 /* Release */,
			);
			defaultConfigurationIsVisible = 0;
			defaultConfigurationName = Release;
		};
/* End XCConfigurationList section */

/* Begin XCVersionGroup section */
		11F4B4D31F4EAE4500BE9850 /* future_v2.xcdatamodeld */ = {
			isa = XCVersionGroup;
			children = (
				11F4B4D41F4EAE4500BE9850 /* future_v2.xcdatamodel */,
			);
			currentVersion = 11F4B4D41F4EAE4500BE9850 /* future_v2.xcdatamodel */;
			path = future_v2.xcdatamodeld;
			sourceTree = "<group>";
			versionGroupType = wrapper.xcdatamodel;
		};
/* End XCVersionGroup section */
	};
	rootObject = 11F4B4C11F4EAE4500BE9850 /* Project object */;
}
